
Microsoft Visual Studio Solution File, Format Version 12.00
# Visual Studio Version 17
VisualStudioVersion = 17.0.31903.59
MinimumVisualStudioVersion = 10.0.40219.1
Project("{FAE04EC0-301F-11D3-BF4B-00C04F79EFBC}") = "WaterLib", "WaterLib\WaterLib.csproj", "{4C2FA13A-8C63-454B-AE27-A15A57C1A67C}"
EndProject
Project("{FAE04EC0-301F-11D3-BF4B-00C04F79EFBC}") = "WaterTests", "WaterTests\WaterTests.csproj", "{1C508463-EC51-4F27-8914-A2536E454073}"
EndProject
Global
	GlobalSection(SolutionConfigurationPlatforms) = preSolution
		Debug|Any CPU = Debug|Any CPU
		Release|Any CPU = Release|Any CPU
	EndGlobalSection
	GlobalSection(SolutionProperties) = preSolution
		HideSolutionNode = FALSE
	EndGlobalSection
	GlobalSection(ProjectConfigurationPlatforms) = postSolution
		{4C2FA13A-8C63-454B-AE27-A15A57C1A67C}.Debug|Any CPU.ActiveCfg = Debug|Any CPU
		{4C2FA13A-8C63-454B-AE27-A15A57C1A67C}.Debug|Any CPU.Build.0 = Debug|Any CPU
		{4C2FA13A-8C63-454B-AE27-A15A57C1A67C}.Release|Any CPU.ActiveCfg = Release|Any CPU
		{4C2FA13A-8C63-454B-AE27-A15A57C1A67C}.Release|Any CPU.Build.0 = Release|Any CPU
		{1C508463-EC51-4F27-8914-A2536E454073}.Debug|Any CPU.ActiveCfg = Debug|Any CPU
		{1C508463-EC51-4F27-8914-A2536E454073}.Debug|Any CPU.Build.0 = Debug|Any CPU
		{1C508463-EC51-4F27-8914-A2536E454073}.Release|Any CPU.ActiveCfg = Release|Any CPU
		{1C508463-EC51-4F27-8914-A2536E454073}.Release|Any CPU.Build.0 = Release|Any CPU
	EndGlobalSection
EndGlobal
